{
  "name": "vuetsctest3",
  "version": "0.0.0",
  "lockfileVersion": 2,
  "requires": true,
  "packages": {
    "": {
      "name": "vuetsctest3",
      "version": "0.0.0",
      "dependencies": {
        "vue": "^2"
      },
      "devDependencies": {
        "typescript": "^4.9.3",
        "vue-tsc": "1.3.17"
      }
    },
    "node_modules/@babel/parser": {
      "version": "7.21.4",
      "resolved": "https://artifactory.factset.com/artifactory/api/npm/npm/@babel/parser/-/parser-7.21.4.tgz",
      "integrity": "sha512-alVJj7k7zIxqBZ7BTRhz0IqJFxW1VJbm6N8JbcYhQ186df9ZBPbZBmWSqAMXwHGsCJdYks7z/voa3ibiS5bCIw==",
      "bin": {
        "parser": "bin/babel-parser.js"
      },
      "engines": {
        "node": ">=6.0.0"
      }
    },
    "node_modules/@volar/language-core": {
      "version": "1.4.0-alpha.11",
      "resolved": "https://artifactory.factset.com/artifactory/api/npm/npm/@volar/language-core/-/language-core-1.4.0-alpha.11.tgz",
      "integrity": "sha512-GMAzVZezlC3R0IUCOF8mlEWwgk6BcSPf583AyCyiHguXd1IIu9m9MZDgLRjliOACsk3Lkl6E47bDAvRpja4VWQ==",
      "dev": true,
      "dependencies": {
        "@volar/source-map": "1.4.0-alpha.11"
      }
    },
    "node_modules/@volar/source-map": {
      "version": "1.4.0-alpha.11",
      "resolved": "https://artifactory.factset.com/artifactory/api/npm/npm/@volar/source-map/-/source-map-1.4.0-alpha.11.tgz",
      "integrity": "sha512-mIoiXxjFmWmOlb1lokGydzHWxOglcUAfi9r/Nsy1qXyfWHUBq98/lIyLgTfN9GBcF2Un7utuCIHx2PaNLa0cXg==",
      "dev": true,
      "dependencies": {
        "muggle-string": "^0.2.2"
      }
    },
    "node_modules/@volar/typescript": {
      "version": "1.4.0-alpha.11",
      "resolved": "https://artifactory.factset.com/artifactory/api/npm/npm/@volar/typescript/-/typescript-1.4.0-alpha.11.tgz",
      "integrity": "sha512-O3ppG3euXXRTPsmLaWuDUQ3yhMJK+fvRdTRrfcMj5utqWcIdNZvY5D5D5XB+QjwvqO2O0PD3cX7lGd1x7fB3Rg==",
      "dev": true,
      "dependencies": {
        "@volar/language-core": "1.4.0-alpha.11"
      },
      "peerDependencies": {
        "typescript": "*"
      }
    },
    "node_modules/@volar/vue-language-core": {
      "version": "1.3.17",
      "resolved": "https://artifactory.factset.com/artifactory/api/npm/npm/@volar/vue-language-core/-/vue-language-core-1.3.17.tgz",
      "integrity": "sha512-PWKwIUFL7Mvsye7YhKeK/ZjDgjZAAlrhCtbn5FtmhRpsc0MyMPUd9OuMQ82X6dwZLDLdyNSzDRG5bVGsJBVlpg==",
      "dev": true,
      "dependencies": {
        "@volar/language-core": "1.4.0-alpha.11",
        "@volar/source-map": "1.4.0-alpha.11",
        "@vue/compiler-dom": "^3.2.0",
        "@vue/compiler-sfc": "^3.2.0",
        "@vue/reactivity": "^3.2.0",
        "@vue/shared": "^3.2.0",
        "minimatch": "^9.0.0",
        "muggle-string": "^0.2.2",
        "vue-template-compiler": "^2.7.14"
      }
    },
    "node_modules/@volar/vue-language-core/node_modules/@vue/compiler-sfc": {
      "version": "3.2.47",
      "resolved": "https://artifactory.factset.com/artifactory/api/npm/npm/@vue/compiler-sfc/-/compiler-sfc-3.2.47.tgz",
      "integrity": "sha512-rog05W+2IFfxjMcFw10tM9+f7i/+FFpZJJ5XHX72NP9eC2uRD+42M3pYcQqDXVYoj74kHMSEdQ/WmCjt8JFksQ==",
      "dev": true,
      "dependencies": {
        "@babel/parser": "^7.16.4",
        "@vue/compiler-core": "3.2.47",
        "@vue/compiler-dom": "3.2.47",
        "@vue/compiler-ssr": "3.2.47",
        "@vue/reactivity-transform": "3.2.47",
        "@vue/shared": "3.2.47",
        "estree-walker": "^2.0.2",
        "magic-string": "^0.25.7",
        "postcss": "^8.1.10",
        "source-map": "^0.6.1"
      }
    },
    "node_modules/@volar/vue-typescript": {
      "version": "1.3.17",
      "resolved": "https://artifactory.factset.com/artifactory/api/npm/npm/@volar/vue-typescript/-/vue-typescript-1.3.17.tgz",
      "integrity": "sha512-aSWxNt9Vt8yewHMF/xkZxuOL57NXIBTRsD4tPjYJ6B8aujkgL0Wu8eDN2iAvcIb7yypf53Yv4PExt0JbNr/aEw==",
      "dev": true,
      "dependencies": {
        "@volar/typescript": "1.4.0-alpha.11",
        "@volar/vue-language-core": "1.3.17"
      }
    },
    "node_modules/@vue/compiler-core": {
      "version": "3.2.47",
      "resolved": "https://artifactory.factset.com/artifactory/api/npm/npm/@vue/compiler-core/-/compiler-core-3.2.47.tgz",
      "integrity": "sha512-p4D7FDnQb7+YJmO2iPEv0SQNeNzcbHdGByJDsT4lynf63AFkOTFN07HsiRSvjGo0QrxR/o3d0hUyNCUnBU2Tig==",
      "dev": true,
      "dependencies": {
        "@babel/parser": "^7.16.4",
        "@vue/shared": "3.2.47",
        "estree-walker": "^2.0.2",
        "source-map": "^0.6.1"
      }
    },
    "node_modules/@vue/compiler-dom": {
      "version": "3.2.47",
      "resolved": "https://artifactory.factset.com/artifactory/api/npm/npm/@vue/compiler-dom/-/compiler-dom-3.2.47.tgz",
      "integrity": "sha512-dBBnEHEPoftUiS03a4ggEig74J2YBZ2UIeyfpcRM2tavgMWo4bsEfgCGsu+uJIL/vax9S+JztH8NmQerUo7shQ==",
      "dev": true,
      "dependencies": {
        "@vue/compiler-core": "3.2.47",
        "@vue/shared": "3.2.47"
      }
    },
    "node_modules/@vue/compiler-sfc": {
      "version": "2.7.14",
      "resolved": "https://artifactory.factset.com/artifactory/api/npm/npm/@vue/compiler-sfc/-/compiler-sfc-2.7.14.tgz",
      "integrity": "sha512-aNmNHyLPsw+sVvlQFQ2/8sjNuLtK54TC6cuKnVzAY93ks4ZBrvwQSnkkIh7bsbNhum5hJBS00wSDipQ937f5DA==",
      "dependencies": {
        "@babel/parser": "^7.18.4",
        "postcss": "^8.4.14",
        "source-map": "^0.6.1"
      }
    },
    "node_modules/@vue/compiler-ssr": {
      "version": "3.2.47",
      "resolved": "https://artifactory.factset.com/artifactory/api/npm/npm/@vue/compiler-ssr/-/compiler-ssr-3.2.47.tgz",
      "integrity": "sha512-wVXC+gszhulcMD8wpxMsqSOpvDZ6xKXSVWkf50Guf/S+28hTAXPDYRTbLQ3EDkOP5Xz/+SY37YiwDquKbJOgZw==",
      "dev": true,
      "dependencies": {
        "@vue/compiler-dom": "3.2.47",
        "@vue/shared": "3.2.47"
      }
    },
    "node_modules/@vue/reactivity": {
      "version": "3.2.47",
      "resolved": "https://artifactory.factset.com/artifactory/api/npm/npm/@vue/reactivity/-/reactivity-3.2.47.tgz",
      "integrity": "sha512-7khqQ/75oyyg+N/e+iwV6lpy1f5wq759NdlS1fpAhFXa8VeAIKGgk2E/C4VF59lx5b+Ezs5fpp/5WsRYXQiKxQ==",
      "dev": true,
      "dependencies": {
        "@vue/shared": "3.2.47"
      }
    },
    "node_modules/@vue/reactivity-transform": {
      "version": "3.2.47",
      "resolved": "https://artifactory.factset.com/artifactory/api/npm/npm/@vue/reactivity-transform/-/reactivity-transform-3.2.47.tgz",
      "integrity": "sha512-m8lGXw8rdnPVVIdIFhf0LeQ/ixyHkH5plYuS83yop5n7ggVJU+z5v0zecwEnX7fa7HNLBhh2qngJJkxpwEEmYA==",
      "dev": true,
      "dependencies": {
        "@babel/parser": "^7.16.4",
        "@vue/compiler-core": "3.2.47",
        "@vue/shared": "3.2.47",
        "estree-walker": "^2.0.2",
        "magic-string": "^0.25.7"
      }
    },
    "node_modules/@vue/shared": {
      "version": "3.2.47",
      "resolved": "https://artifactory.factset.com/artifactory/api/npm/npm/@vue/shared/-/shared-3.2.47.tgz",
      "integrity": "sha512-BHGyyGN3Q97EZx0taMQ+OLNuZcW3d37ZEVmEAyeoA9ERdGvm9Irc/0Fua8SNyOtV1w6BS4q25wbMzJujO9HIfQ==",
      "dev": true
    },
    "node_modules/balanced-match": {
      "version": "1.0.2",
      "resolved": "https://artifactory.factset.com/artifactory/api/npm/npm/balanced-match/-/balanced-match-1.0.2.tgz",
      "integrity": "sha512-3oSeUO0TMV67hN1AmbXsK4yaqU7tjiHlbxRDZOpH0KW9+CeX4bRAaX0Anxt0tx2MrpRpWwQaPwIlISEJhYU5Pw==",
      "dev": true
    },
    "node_modules/brace-expansion": {
      "version": "2.0.1",
      "resolved": "https://artifactory.factset.com/artifactory/api/npm/npm/brace-expansion/-/brace-expansion-2.0.1.tgz",
      "integrity": "sha512-XnAIvQ8eM+kC6aULx6wuQiwVsnzsi9d3WxzV3FpWTGA19F621kwdbsAcFKXgKUHZWsy+mY6iL1sHTxWEFCytDA==",
      "dev": true,
      "dependencies": {
        "balanced-match": "^1.0.0"
      }
    },
    "node_modules/csstype": {
      "version": "3.1.2",
      "resolved": "https://artifactory.factset.com/artifactory/api/npm/npm/csstype/-/csstype-3.1.2.tgz",
      "integrity": "sha512-I7K1Uu0MBPzaFKg4nI5Q7Vs2t+3gWWW648spaF+Rg7pI9ds18Ugn+lvg4SHczUdKlHI5LWBXyqfS8+DufyBsgQ=="
    },
    "node_modules/de-indent": {
      "version": "1.0.2",
      "resolved": "https://artifactory.factset.com/artifactory/api/npm/npm/de-indent/-/de-indent-1.0.2.tgz",
      "integrity": "sha512-e/1zu3xH5MQryN2zdVaF0OrdNLUbvWxzMbi+iNA6Bky7l1RoP8a2fIbRocyHclXt/arDrrR6lL3TqFD9pMQTsg==",
      "dev": true
    },
    "node_modules/estree-walker": {
      "version": "2.0.2",
      "resolved": "https://artifactory.factset.com/artifactory/api/npm/npm/estree-walker/-/estree-walker-2.0.2.tgz",
      "integrity": "sha512-Rfkk/Mp/DL7JVje3u18FxFujQlTNR2q6QfMSMB7AvCBx91NGj/ba3kCfza0f6dVDbw7YlRf/nDrn7pQrCCyQ/w==",
      "dev": true
    },
    "node_modules/he": {
      "version": "1.2.0",
      "resolved": "https://artifactory.factset.com/artifactory/api/npm/npm/he/-/he-1.2.0.tgz",
      "integrity": "sha512-F/1DnUGPopORZi0ni+CvrCgHQ5FyEAHRLSApuYWMmrbSwoN2Mn/7k+Gl38gJnR7yyDZk6WLXwiGod1JOWNDKGw==",
      "dev": true,
      "bin": {
        "he": "bin/he"
      }
    },
    "node_modules/lru-cache": {
      "version": "6.0.0",
      "resolved": "https://artifactory.factset.com/artifactory/api/npm/npm/lru-cache/-/lru-cache-6.0.0.tgz",
      "integrity": "sha512-Jo6dJ04CmSjuznwJSS3pUeWmd/H0ffTlkXXgwZi+eq1UCmqQwCh+eLsYOYCwY991i2Fah4h1BEMCx4qThGbsiA==",
      "dev": true,
      "dependencies": {
        "yallist": "^4.0.0"
      },
      "engines": {
        "node": ">=10"
      }
    },
    "node_modules/magic-string": {
      "version": "0.25.9",
      "resolved": "https://artifactory.factset.com/artifactory/api/npm/npm/magic-string/-/magic-string-0.25.9.tgz",
      "integrity": "sha512-RmF0AsMzgt25qzqqLc1+MbHmhdx0ojF2Fvs4XnOqz2ZOBXzzkEwc/dJQZCYHAn7v1jbVOjAZfK8msRn4BxO4VQ==",
      "dev": true,
      "dependencies": {
        "sourcemap-codec": "^1.4.8"
      }
    },
    "node_modules/minimatch": {
      "version": "9.0.0",
      "resolved": "https://artifactory.factset.com/artifactory/api/npm/npm/minimatch/-/minimatch-9.0.0.tgz",
      "integrity": "sha512-0jJj8AvgKqWN05mrwuqi8QYKx1WmYSUoKSxu5Qhs9prezTz10sxAHGNZe9J9cqIJzta8DWsleh2KaVaLl6Ru2w==",
      "dev": true,
      "dependencies": {
        "brace-expansion": "^2.0.1"
      },
      "engines": {
        "node": ">=16 || 14 >=14.17"
      }
    },
    "node_modules/muggle-string": {
      "version": "0.2.2",
      "resolved": "https://artifactory.factset.com/artifactory/api/npm/npm/muggle-string/-/muggle-string-0.2.2.tgz",
      "integrity": "sha512-YVE1mIJ4VpUMqZObFndk9CJu6DBJR/GB13p3tXuNbwD4XExaI5EOuRl6BHeIDxIqXZVxSfAC+y6U1Z/IxCfKUg==",
      "dev": true
    },
    "node_modules/nanoid": {
      "version": "3.3.6",
      "resolved": "https://artifactory.factset.com/artifactory/api/npm/npm/nanoid/-/nanoid-3.3.6.tgz",
      "integrity": "sha512-BGcqMMJuToF7i1rt+2PWSNVnWIkGCU78jBG3RxO/bZlnZPK2Cmi2QaffxGO/2RvWi9sL+FAiRiXMgsyxQ1DIDA==",
      "bin": {
        "nanoid": "bin/nanoid.cjs"
      },
      "engines": {
        "node": "^10 || ^12 || ^13.7 || ^14 || >=15.0.1"
      }
    },
    "node_modules/picocolors": {
      "version": "1.0.0",
      "resolved": "https://artifactory.factset.com/artifactory/api/npm/npm/picocolors/-/picocolors-1.0.0.tgz",
      "integrity": "sha512-1fygroTLlHu66zi26VoTDv8yRgm0Fccecssto+MhsZ0D/DGW2sm8E8AjW7NU5VVTRt5GxbeZ5qBuJr+HyLYkjQ=="
    },
    "node_modules/postcss": {
      "version": "8.4.22",
      "resolved": "https://artifactory.factset.com/artifactory/api/npm/npm/postcss/-/postcss-8.4.22.tgz",
      "integrity": "sha512-XseknLAfRHzVWjCEtdviapiBtfLdgyzExD50Rg2ePaucEesyh8Wv4VPdW0nbyDa1ydbrAxV19jvMT4+LFmcNUA==",
      "dependencies": {
        "nanoid": "^3.3.6",
        "picocolors": "^1.0.0",
        "source-map-js": "^1.0.2"
      },
      "engines": {
        "node": "^10 || ^12 || >=14"
      }
    },
    "node_modules/semver": {
      "version": "7.4.0",
      "resolved": "https://artifactory.factset.com/artifactory/api/npm/npm/semver/-/semver-7.4.0.tgz",
      "integrity": "sha512-RgOxM8Mw+7Zus0+zcLEUn8+JfoLpj/huFTItQy2hsM4khuC1HYRDp0cU482Ewn/Fcy6bCjufD8vAj7voC66KQw==",
      "dev": true,
      "dependencies": {
        "lru-cache": "^6.0.0"
      },
      "bin": {
        "semver": "bin/semver.js"
      },
      "engines": {
        "node": ">=10"
      }
    },
    "node_modules/source-map": {
      "version": "0.6.1",
      "resolved": "https://artifactory.factset.com/artifactory/api/npm/npm/source-map/-/source-map-0.6.1.tgz",
      "integrity": "sha512-UjgapumWlbMhkBgzT7Ykc5YXUT46F0iKu8SGXq0bcwP5dz/h0Plj6enJqjz1Zbq2l5WaqYnrVbwWOWMyF3F47g==",
      "engines": {
        "node": ">=0.10.0"
      }
    },
    "node_modules/source-map-js": {
      "version": "1.0.2",
      "resolved": "https://artifactory.factset.com/artifactory/api/npm/npm/source-map-js/-/source-map-js-1.0.2.tgz",
      "integrity": "sha512-R0XvVJ9WusLiqTCEiGCmICCMplcCkIwwR11mOSD9CR5u+IXYdiseeEuXCVAjS54zqwkLcPNnmU4OeJ6tUrWhDw==",
      "engines": {
        "node": ">=0.10.0"
      }
    },
    "node_modules/sourcemap-codec": {
      "version": "1.4.8",
      "resolved": "https://artifactory.factset.com/artifactory/api/npm/npm/sourcemap-codec/-/sourcemap-codec-1.4.8.tgz",
      "integrity": "sha512-9NykojV5Uih4lgo5So5dtw+f0JgJX30KCNI8gwhz2J9A15wD0Ml6tjHKwf6fTSa6fAdVBdZeNOs9eJ71qCk8vA==",
      "deprecated": "Please use @jridgewell/sourcemap-codec instead",
      "dev": true
    },
    "node_modules/typescript": {
      "version": "4.9.5",
      "resolved": "https://artifactory.factset.com/artifactory/api/npm/npm/typescript/-/typescript-4.9.5.tgz",
      "integrity": "sha512-1FXk9E2Hm+QzZQ7z+McJiHL4NW1F2EzMu9Nq9i3zAaGqibafqYwCVU6WyWAuyQRRzOlxou8xZSyXLEN8oKj24g==",
      "dev": true,
      "bin": {
        "tsc": "bin/tsc",
        "tsserver": "bin/tsserver"
      },
      "engines": {
        "node": ">=4.2.0"
      }
    },
    "node_modules/vue": {
      "version": "2.7.14",
      "resolved": "https://artifactory.factset.com/artifactory/api/npm/npm/vue/-/vue-2.7.14.tgz",
      "integrity": "sha512-b2qkFyOM0kwqWFuQmgd4o+uHGU7T+2z3T+WQp8UBjADfEv2n4FEMffzBmCKNP0IGzOEEfYjvtcC62xaSKeQDrQ==",
      "dependencies": {
        "@vue/compiler-sfc": "2.7.14",
        "csstype": "^3.1.0"
      }
    },
    "node_modules/vue-template-compiler": {
      "version": "2.7.14",
      "resolved": "https://artifactory.factset.com/artifactory/api/npm/npm/vue-template-compiler/-/vue-template-compiler-2.7.14.tgz",
      "integrity": "sha512-zyA5Y3ArvVG0NacJDkkzJuPQDF8RFeRlzV2vLeSnhSpieO6LK2OVbdLPi5MPPs09Ii+gMO8nY4S3iKQxBxDmWQ==",
      "dev": true,
      "dependencies": {
        "de-indent": "^1.0.2",
        "he": "^1.2.0"
      }
    },
    "node_modules/vue-tsc": {
      "version": "1.3.17",
      "resolved": "https://artifactory.factset.com/artifactory/api/npm/npm/vue-tsc/-/vue-tsc-1.3.17.tgz",
      "integrity": "sha512-cm01IqvpsWEDIF06ADry1gdeNF81Ukf3pyTSmXzxdsJabKAeKuOos8GeiKZUQp7/DwyXiWpOZpBBazNmfDQzKA==",
      "dev": true,
      "dependencies": {
        "@volar/vue-language-core": "1.3.17",
        "@volar/vue-typescript": "1.3.17",
        "semver": "^7.3.8"
      },
      "bin": {
        "vue-tsc": "bin/vue-tsc.js"
      },
      "peerDependencies": {
        "typescript": "*"
      }
    },
    "node_modules/yallist": {
      "version": "4.0.0",
      "resolved": "https://artifactory.factset.com/artifactory/api/npm/npm/yallist/-/yallist-4.0.0.tgz",
      "integrity": "sha512-3wdGidZyq5PB084XLES5TpOSRA3wjXAlIWMhum2kRcv/41Sn2emQ0dycQW4uZXLejwKvg6EsvbdlVL+FYEct7A==",
      "dev": true
    }
  },
  "dependencies": {
    "@babel/parser": {
      "version": "7.21.4",
      "resolved": "https://artifactory.factset.com/artifactory/api/npm/npm/@babel/parser/-/parser-7.21.4.tgz",
      "integrity": "sha512-alVJj7k7zIxqBZ7BTRhz0IqJFxW1VJbm6N8JbcYhQ186df9ZBPbZBmWSqAMXwHGsCJdYks7z/voa3ibiS5bCIw=="
    },
    "@volar/language-core": {
      "version": "1.4.0-alpha.11",
      "resolved": "https://artifactory.factset.com/artifactory/api/npm/npm/@volar/language-core/-/language-core-1.4.0-alpha.11.tgz",
      "integrity": "sha512-GMAzVZezlC3R0IUCOF8mlEWwgk6BcSPf583AyCyiHguXd1IIu9m9MZDgLRjliOACsk3Lkl6E47bDAvRpja4VWQ==",
      "dev": true,
      "requires": {
        "@volar/source-map": "1.4.0-alpha.11"
      }
    },
    "@volar/source-map": {
      "version": "1.4.0-alpha.11",
      "resolved": "https://artifactory.factset.com/artifactory/api/npm/npm/@volar/source-map/-/source-map-1.4.0-alpha.11.tgz",
      "integrity": "sha512-mIoiXxjFmWmOlb1lokGydzHWxOglcUAfi9r/Nsy1qXyfWHUBq98/lIyLgTfN9GBcF2Un7utuCIHx2PaNLa0cXg==",
      "dev": true,
      "requires": {
        "muggle-string": "^0.2.2"
      }
    },
    "@volar/typescript": {
      "version": "1.4.0-alpha.11",
      "resolved": "https://artifactory.factset.com/artifactory/api/npm/npm/@volar/typescript/-/typescript-1.4.0-alpha.11.tgz",
      "integrity": "sha512-O3ppG3euXXRTPsmLaWuDUQ3yhMJK+fvRdTRrfcMj5utqWcIdNZvY5D5D5XB+QjwvqO2O0PD3cX7lGd1x7fB3Rg==",
      "dev": true,
      "requires": {
        "@volar/language-core": "1.4.0-alpha.11"
      }
    },
    "@volar/vue-language-core": {
      "version": "1.3.17",
      "resolved": "https://artifactory.factset.com/artifactory/api/npm/npm/@volar/vue-language-core/-/vue-language-core-1.3.17.tgz",
      "integrity": "sha512-PWKwIUFL7Mvsye7YhKeK/ZjDgjZAAlrhCtbn5FtmhRpsc0MyMPUd9OuMQ82X6dwZLDLdyNSzDRG5bVGsJBVlpg==",
      "dev": true,
      "requires": {
        "@volar/language-core": "1.4.0-alpha.11",
        "@volar/source-map": "1.4.0-alpha.11",
        "@vue/compiler-dom": "^3.2.0",
        "@vue/compiler-sfc": "^3.2.0",
        "@vue/reactivity": "^3.2.0",
        "@vue/shared": "^3.2.0",
        "minimatch": "^9.0.0",
        "muggle-string": "^0.2.2",
        "vue-template-compiler": "^2.7.14"
      },
      "dependencies": {
        "@vue/compiler-sfc": {
          "version": "3.2.47",
          "resolved": "https://artifactory.factset.com/artifactory/api/npm/npm/@vue/compiler-sfc/-/compiler-sfc-3.2.47.tgz",
          "integrity": "sha512-rog05W+2IFfxjMcFw10tM9+f7i/+FFpZJJ5XHX72NP9eC2uRD+42M3pYcQqDXVYoj74kHMSEdQ/WmCjt8JFksQ==",
          "dev": true,
          "requires": {
            "@babel/parser": "^7.16.4",
            "@vue/compiler-core": "3.2.47",
            "@vue/compiler-dom": "3.2.47",
            "@vue/compiler-ssr": "3.2.47",
            "@vue/reactivity-transform": "3.2.47",
            "@vue/shared": "3.2.47",
            "estree-walker": "^2.0.2",
            "magic-string": "^0.25.7",
            "postcss": "^8.1.10",
            "source-map": "^0.6.1"
          }
        }
      }
    },
    "@volar/vue-typescript": {
      "version": "1.3.17",
      "resolved": "https://artifactory.factset.com/artifactory/api/npm/npm/@volar/vue-typescript/-/vue-typescript-1.3.17.tgz",
      "integrity": "sha512-aSWxNt9Vt8yewHMF/xkZxuOL57NXIBTRsD4tPjYJ6B8aujkgL0Wu8eDN2iAvcIb7yypf53Yv4PExt0JbNr/aEw==",
      "dev": true,
      "requires": {
        "@volar/typescript": "1.4.0-alpha.11",
        "@volar/vue-language-core": "1.3.17"
      }
    },
    "@vue/compiler-core": {
      "version": "3.2.47",
      "resolved": "https://artifactory.factset.com/artifactory/api/npm/npm/@vue/compiler-core/-/compiler-core-3.2.47.tgz",
      "integrity": "sha512-p4D7FDnQb7+YJmO2iPEv0SQNeNzcbHdGByJDsT4lynf63AFkOTFN07HsiRSvjGo0QrxR/o3d0hUyNCUnBU2Tig==",
      "dev": true,
      "requires": {
        "@babel/parser": "^7.16.4",
        "@vue/shared": "3.2.47",
        "estree-walker": "^2.0.2",
        "source-map": "^0.6.1"
      }
    },
    "@vue/compiler-dom": {
      "version": "3.2.47",
      "resolved": "https://artifactory.factset.com/artifactory/api/npm/npm/@vue/compiler-dom/-/compiler-dom-3.2.47.tgz",
      "integrity": "sha512-dBBnEHEPoftUiS03a4ggEig74J2YBZ2UIeyfpcRM2tavgMWo4bsEfgCGsu+uJIL/vax9S+JztH8NmQerUo7shQ==",
      "dev": true,
      "requires": {
        "@vue/compiler-core": "3.2.47",
        "@vue/shared": "3.2.47"
      }
    },
    "@vue/compiler-sfc": {
      "version": "2.7.14",
      "resolved": "https://artifactory.factset.com/artifactory/api/npm/npm/@vue/compiler-sfc/-/compiler-sfc-2.7.14.tgz",
      "integrity": "sha512-aNmNHyLPsw+sVvlQFQ2/8sjNuLtK54TC6cuKnVzAY93ks4ZBrvwQSnkkIh7bsbNhum5hJBS00wSDipQ937f5DA==",
      "requires": {
        "@babel/parser": "^7.18.4",
        "postcss": "^8.4.14",
        "source-map": "^0.6.1"
      }
    },
    "@vue/compiler-ssr": {
      "version": "3.2.47",
      "resolved": "https://artifactory.factset.com/artifactory/api/npm/npm/@vue/compiler-ssr/-/compiler-ssr-3.2.47.tgz",
      "integrity": "sha512-wVXC+gszhulcMD8wpxMsqSOpvDZ6xKXSVWkf50Guf/S+28hTAXPDYRTbLQ3EDkOP5Xz/+SY37YiwDquKbJOgZw==",
      "dev": true,
      "requires": {
        "@vue/compiler-dom": "3.2.47",
        "@vue/shared": "3.2.47"
      }
    },
    "@vue/reactivity": {
      "version": "3.2.47",
      "resolved": "https://artifactory.factset.com/artifactory/api/npm/npm/@vue/reactivity/-/reactivity-3.2.47.tgz",
      "integrity": "sha512-7khqQ/75oyyg+N/e+iwV6lpy1f5wq759NdlS1fpAhFXa8VeAIKGgk2E/C4VF59lx5b+Ezs5fpp/5WsRYXQiKxQ==",
      "dev": true,
      "requires": {
        "@vue/shared": "3.2.47"
      }
    },
    "@vue/reactivity-transform": {
      "version": "3.2.47",
      "resolved": "https://artifactory.factset.com/artifactory/api/npm/npm/@vue/reactivity-transform/-/reactivity-transform-3.2.47.tgz",
      "integrity": "sha512-m8lGXw8rdnPVVIdIFhf0LeQ/ixyHkH5plYuS83yop5n7ggVJU+z5v0zecwEnX7fa7HNLBhh2qngJJkxpwEEmYA==",
      "dev": true,
      "requires": {
        "@babel/parser": "^7.16.4",
        "@vue/compiler-core": "3.2.47",
        "@vue/shared": "3.2.47",
        "estree-walker": "^2.0.2",
        "magic-string": "^0.25.7"
      }
    },
    "@vue/shared": {
      "version": "3.2.47",
      "resolved": "https://artifactory.factset.com/artifactory/api/npm/npm/@vue/shared/-/shared-3.2.47.tgz",
      "integrity": "sha512-BHGyyGN3Q97EZx0taMQ+OLNuZcW3d37ZEVmEAyeoA9ERdGvm9Irc/0Fua8SNyOtV1w6BS4q25wbMzJujO9HIfQ==",
      "dev": true
    },
    "balanced-match": {
      "version": "1.0.2",
      "resolved": "https://artifactory.factset.com/artifactory/api/npm/npm/balanced-match/-/balanced-match-1.0.2.tgz",
      "integrity": "sha512-3oSeUO0TMV67hN1AmbXsK4yaqU7tjiHlbxRDZOpH0KW9+CeX4bRAaX0Anxt0tx2MrpRpWwQaPwIlISEJhYU5Pw==",
      "dev": true
    },
    "brace-expansion": {
      "version": "2.0.1",
      "resolved": "https://artifactory.factset.com/artifactory/api/npm/npm/brace-expansion/-/brace-expansion-2.0.1.tgz",
      "integrity": "sha512-XnAIvQ8eM+kC6aULx6wuQiwVsnzsi9d3WxzV3FpWTGA19F621kwdbsAcFKXgKUHZWsy+mY6iL1sHTxWEFCytDA==",
      "dev": true,
      "requires": {
        "balanced-match": "^1.0.0"
      }
    },
    "csstype": {
      "version": "3.1.2",
      "resolved": "https://artifactory.factset.com/artifactory/api/npm/npm/csstype/-/csstype-3.1.2.tgz",
      "integrity": "sha512-I7K1Uu0MBPzaFKg4nI5Q7Vs2t+3gWWW648spaF+Rg7pI9ds18Ugn+lvg4SHczUdKlHI5LWBXyqfS8+DufyBsgQ=="
    },
    "de-indent": {
      "version": "1.0.2",
      "resolved": "https://artifactory.factset.com/artifactory/api/npm/npm/de-indent/-/de-indent-1.0.2.tgz",
      "integrity": "sha512-e/1zu3xH5MQryN2zdVaF0OrdNLUbvWxzMbi+iNA6Bky7l1RoP8a2fIbRocyHclXt/arDrrR6lL3TqFD9pMQTsg==",
      "dev": true
    },
    "estree-walker": {
      "version": "2.0.2",
      "resolved": "https://artifactory.factset.com/artifactory/api/npm/npm/estree-walker/-/estree-walker-2.0.2.tgz",
      "integrity": "sha512-Rfkk/Mp/DL7JVje3u18FxFujQlTNR2q6QfMSMB7AvCBx91NGj/ba3kCfza0f6dVDbw7YlRf/nDrn7pQrCCyQ/w==",
      "dev": true
    },
    "he": {
      "version": "1.2.0",
      "resolved": "https://artifactory.factset.com/artifactory/api/npm/npm/he/-/he-1.2.0.tgz",
      "integrity": "sha512-F/1DnUGPopORZi0ni+CvrCgHQ5FyEAHRLSApuYWMmrbSwoN2Mn/7k+Gl38gJnR7yyDZk6WLXwiGod1JOWNDKGw==",
      "dev": true
    },
    "lru-cache": {
      "version": "6.0.0",
      "resolved": "https://artifactory.factset.com/artifactory/api/npm/npm/lru-cache/-/lru-cache-6.0.0.tgz",
      "integrity": "sha512-Jo6dJ04CmSjuznwJSS3pUeWmd/H0ffTlkXXgwZi+eq1UCmqQwCh+eLsYOYCwY991i2Fah4h1BEMCx4qThGbsiA==",
      "dev": true,
      "requires": {
        "yallist": "^4.0.0"
      }
    },
    "magic-string": {
      "version": "0.25.9",
      "resolved": "https://artifactory.factset.com/artifactory/api/npm/npm/magic-string/-/magic-string-0.25.9.tgz",
      "integrity": "sha512-RmF0AsMzgt25qzqqLc1+MbHmhdx0ojF2Fvs4XnOqz2ZOBXzzkEwc/dJQZCYHAn7v1jbVOjAZfK8msRn4BxO4VQ==",
      "dev": true,
      "requires": {
        "sourcemap-codec": "^1.4.8"
      }
    },
    "minimatch": {
      "version": "9.0.0",
      "resolved": "https://artifactory.factset.com/artifactory/api/npm/npm/minimatch/-/minimatch-9.0.0.tgz",
      "integrity": "sha512-0jJj8AvgKqWN05mrwuqi8QYKx1WmYSUoKSxu5Qhs9prezTz10sxAHGNZe9J9cqIJzta8DWsleh2KaVaLl6Ru2w==",
      "dev": true,
      "requires": {
        "brace-expansion": "^2.0.1"
      }
    },
    "muggle-string": {
      "version": "0.2.2",
      "resolved": "https://artifactory.factset.com/artifactory/api/npm/npm/muggle-string/-/muggle-string-0.2.2.tgz",
      "integrity": "sha512-YVE1mIJ4VpUMqZObFndk9CJu6DBJR/GB13p3tXuNbwD4XExaI5EOuRl6BHeIDxIqXZVxSfAC+y6U1Z/IxCfKUg==",
      "dev": true
    },
    "nanoid": {
      "version": "3.3.6",
      "resolved": "https://artifactory.factset.com/artifactory/api/npm/npm/nanoid/-/nanoid-3.3.6.tgz",
      "integrity": "sha512-BGcqMMJuToF7i1rt+2PWSNVnWIkGCU78jBG3RxO/bZlnZPK2Cmi2QaffxGO/2RvWi9sL+FAiRiXMgsyxQ1DIDA=="
    },
    "picocolors": {
      "version": "1.0.0",
      "resolved": "https://artifactory.factset.com/artifactory/api/npm/npm/picocolors/-/picocolors-1.0.0.tgz",
      "integrity": "sha512-1fygroTLlHu66zi26VoTDv8yRgm0Fccecssto+MhsZ0D/DGW2sm8E8AjW7NU5VVTRt5GxbeZ5qBuJr+HyLYkjQ=="
    },
    "postcss": {
      "version": "8.4.22",
      "resolved": "https://artifactory.factset.com/artifactory/api/npm/npm/postcss/-/postcss-8.4.22.tgz",
      "integrity": "sha512-XseknLAfRHzVWjCEtdviapiBtfLdgyzExD50Rg2ePaucEesyh8Wv4VPdW0nbyDa1ydbrAxV19jvMT4+LFmcNUA==",
      "requires": {
        "nanoid": "^3.3.6",
        "picocolors": "^1.0.0",
        "source-map-js": "^1.0.2"
      }
    },
    "semver": {
      "version": "7.4.0",
      "resolved": "https://artifactory.factset.com/artifactory/api/npm/npm/semver/-/semver-7.4.0.tgz",
      "integrity": "sha512-RgOxM8Mw+7Zus0+zcLEUn8+JfoLpj/huFTItQy2hsM4khuC1HYRDp0cU482Ewn/Fcy6bCjufD8vAj7voC66KQw==",
      "dev": true,
      "requires": {
        "lru-cache": "^6.0.0"
      }
    },
    "source-map": {
      "version": "0.6.1",
      "resolved": "https://artifactory.factset.com/artifactory/api/npm/npm/source-map/-/source-map-0.6.1.tgz",
      "integrity": "sha512-UjgapumWlbMhkBgzT7Ykc5YXUT46F0iKu8SGXq0bcwP5dz/h0Plj6enJqjz1Zbq2l5WaqYnrVbwWOWMyF3F47g=="
    },
    "source-map-js": {
      "version": "1.0.2",
      "resolved": "https://artifactory.factset.com/artifactory/api/npm/npm/source-map-js/-/source-map-js-1.0.2.tgz",
      "integrity": "sha512-R0XvVJ9WusLiqTCEiGCmICCMplcCkIwwR11mOSD9CR5u+IXYdiseeEuXCVAjS54zqwkLcPNnmU4OeJ6tUrWhDw=="
    },
    "sourcemap-codec": {
      "version": "1.4.8",
      "resolved": "https://artifactory.factset.com/artifactory/api/npm/npm/sourcemap-codec/-/sourcemap-codec-1.4.8.tgz",
      "integrity": "sha512-9NykojV5Uih4lgo5So5dtw+f0JgJX30KCNI8gwhz2J9A15wD0Ml6tjHKwf6fTSa6fAdVBdZeNOs9eJ71qCk8vA==",
      "dev": true
    },
    "typescript": {
      "version": "4.9.5",
      "resolved": "https://artifactory.factset.com/artifactory/api/npm/npm/typescript/-/typescript-4.9.5.tgz",
      "integrity": "sha512-1FXk9E2Hm+QzZQ7z+McJiHL4NW1F2EzMu9Nq9i3zAaGqibafqYwCVU6WyWAuyQRRzOlxou8xZSyXLEN8oKj24g==",
      "dev": true
    },
    "vue": {
      "version": "2.7.14",
      "resolved": "https://artifactory.factset.com/artifactory/api/npm/npm/vue/-/vue-2.7.14.tgz",
      "integrity": "sha512-b2qkFyOM0kwqWFuQmgd4o+uHGU7T+2z3T+WQp8UBjADfEv2n4FEMffzBmCKNP0IGzOEEfYjvtcC62xaSKeQDrQ==",
      "requires": {
        "@vue/compiler-sfc": "2.7.14",
        "csstype": "^3.1.0"
      }
    },
    "vue-template-compiler": {
      "version": "2.7.14",
      "resolved": "https://artifactory.factset.com/artifactory/api/npm/npm/vue-template-compiler/-/vue-template-compiler-2.7.14.tgz",
      "integrity": "sha512-zyA5Y3ArvVG0NacJDkkzJuPQDF8RFeRlzV2vLeSnhSpieO6LK2OVbdLPi5MPPs09Ii+gMO8nY4S3iKQxBxDmWQ==",
      "dev": true,
      "requires": {
        "de-indent": "^1.0.2",
        "he": "^1.2.0"
      }
    },
    "vue-tsc": {
      "version": "1.3.17",
      "resolved": "https://artifactory.factset.com/artifactory/api/npm/npm/vue-tsc/-/vue-tsc-1.3.17.tgz",
      "integrity": "sha512-cm01IqvpsWEDIF06ADry1gdeNF81Ukf3pyTSmXzxdsJabKAeKuOos8GeiKZUQp7/DwyXiWpOZpBBazNmfDQzKA==",
      "dev": true,
      "requires": {
        "@volar/vue-language-core": "1.3.17",
        "@volar/vue-typescript": "1.3.17",
        "semver": "^7.3.8"
      }
    },
    "yallist": {
      "version": "4.0.0",
      "resolved": "https://artifactory.factset.com/artifactory/api/npm/npm/yallist/-/yallist-4.0.0.tgz",
      "integrity": "sha512-3wdGidZyq5PB084XLES5TpOSRA3wjXAlIWMhum2kRcv/41Sn2emQ0dycQW4uZXLejwKvg6EsvbdlVL+FYEct7A==",
      "dev": true
    }
  }
}
